
Microsoft Visual Studio Solution File, Format Version 12.00
# Visual Studio Version 16
VisualStudioVersion = 16.0.31729.503
MinimumVisualStudioVersion = 10.0.40219.1
Project("{8BC9CEB8-8B4A-11D0-8D11-00A0C91BC942}") = "FCJ", "FCJ.vcxproj", "{081981B1-309B-4E3E-9926-E4AA2885C4D2}"
EndProject
Global
	GlobalSection(SolutionConfigurationPlatforms) = preSolution
		Debug|x64 = Debug|x64
		Debug|x86 = Debug|x86
		Release|x64 = Release|x64
		Release|x86 = Release|x86
	EndGlobalSection
	GlobalSection(ProjectConfigurationPlatforms) = postSolution
		{081981B1-309B-4E3E-9926-E4AA2885C4D2}.Debug|x64.ActiveCfg = Debug|x64
		{081981B1-309B-4E3E-9926-E4AA2885C4D2}.Debug|x64.Build.0 = Debug|x64
		{081981B1-309B-4E3E-9926-E4AA2885C4D2}.Debug|x86.ActiveCfg = Debug|Win32
		{081981B1-309B-4E3E-9926-E4AA2885C4D2}.Debug|x86.Build.0 = Debug|Win32
		{081981B1-309B-4E3E-9926-E4AA2885C4D2}.Release|x64.ActiveCfg = Release|x64
		{081981B1-309B-4E3E-9926-E4AA2885C4D2}.Release|x64.Build.0 = Release|x64
		{081981B1-309B-4E3E-9926-E4AA2885C4D2}.Release|x86.ActiveCfg = Release|Win32
		{081981B1-309B-4E3E-9926-E4AA2885C4D2}.Release|x86.Build.0 = Release|Win32
	EndGlobalSection
	GlobalSection(SolutionProperties) = preSolution
		HideSolutionNode = FALSE
	EndGlobalSection
	GlobalSection(ExtensibilityGlobals) = postSolution
		SolutionGuid = {AA01DC7F-3A1E-4032-BF90-2C46688066C6}
	EndGlobalSection
EndGlobal
